
Microsoft Visual Studio Solution File, Format Version 12.00
# Visual Studio Version 17
VisualStudioVersion = 17.10.34902.84
MinimumVisualStudioVersion = 10.0.40219.1
Project("{FAE04EC0-301F-11D3-BF4B-00C04F79EFBC}") = "iElevator", "iElevator\iElevator.csproj", "{93652A80-9092-4F5D-88D4-EDDE70828A5F}"
EndProject
Global
	GlobalSection(SolutionConfigurationPlatforms) = preSolution
		Debug|Any CPU = Debug|Any CPU
		Release|Any CPU = Release|Any CPU
	EndGlobalSection
	GlobalSection(ProjectConfigurationPlatforms) = postSolution
		{93652A80-9092-4F5D-88D4-EDDE70828A5F}.Debug|Any CPU.ActiveCfg = Debug|Any CPU
		{93652A80-9092-4F5D-88D4-EDDE70828A5F}.Debug|Any CPU.Build.0 = Debug|Any CPU
		{93652A80-9092-4F5D-88D4-EDDE70828A5F}.Release|Any CPU.ActiveCfg = Release|Any CPU
		{93652A80-9092-4F5D-88D4-EDDE70828A5F}.Release|Any CPU.Build.0 = Release|Any CPU
	EndGlobalSection
	GlobalSection(SolutionProperties) = preSolution
		HideSolutionNode = FALSE
	EndGlobalSection
	GlobalSection(ExtensibilityGlobals) = postSolution
		SolutionGuid = {6A63EFCE-0276-4988-9932-DA2A5841A420}
	EndGlobalSection
EndGlobal
